// !$*UTF8*$!
{
	archiveVersion = 1;
	classes = {
	};
	objectVersion = 56;
	objects = {

/* Begin PBXBuildFile section */
		CF221E252AB56FEF006098DA /* AppDelegate.swift in Sources */ = {isa = PBXBuildFile; fileRef = CF221E242AB56FEF006098DA /* AppDelegate.swift */; };
		CF221E272AB56FEF006098DA /* SceneDelegate.swift in Sources */ = {isa = PBXBuildFile; fileRef = CF221E262AB56FEF006098DA /* SceneDelegate.swift */; };
		CF221E292AB56FEF006098DA /* PlayerViewController.swift in Sources */ = {isa = PBXBuildFile; fileRef = CF221E282AB56FEF006098DA /* PlayerViewController.swift */; };
		CF221E2C2AB56FEF006098DA /* Main.storyboard in Resources */ = {isa = PBXBuildFile; fileRef = CF221E2A2AB56FEF006098DA /* Main.storyboard */; };
		CF221E2E2AB56FF0006098DA /* Assets.xcassets in Resources */ = {isa = PBXBuildFile; fileRef = CF221E2D2AB56FF0006098DA /* Assets.xcassets */; };
		CF221E312AB56FF0006098DA /* LaunchScreen.storyboard in Resources */ = {isa = PBXBuildFile; fileRef = CF221E2F2AB56FF0006098DA /* LaunchScreen.storyboard */; };
		CF221E3A2AB570DE006098DA /* SDWebImage in Frameworks */ = {isa = PBXBuildFile; productRef = CF221E392AB570DE006098DA /* SDWebImage */; };
		CF221E402AB5711A006098DA /* Song.swift in Sources */ = {isa = PBXBuildFile; fileRef = CF221E3F2AB5711A006098DA /* Song.swift */; };
		CF221E432AB57183006098DA /* SongApiService.swift in Sources */ = {isa = PBXBuildFile; fileRef = CF221E422AB57183006098DA /* SongApiService.swift */; };
		CF221E452AB5737C006098DA /* ApiServiceType.swift in Sources */ = {isa = PBXBuildFile; fileRef = CF221E442AB5737C006098DA /* ApiServiceType.swift */; };
		CF221E472AB58231006098DA /* MainViewModel.swift in Sources */ = {isa = PBXBuildFile; fileRef = CF221E462AB58231006098DA /* MainViewModel.swift */; };
		CF221E4A2AB582D5006098DA /* Constants.swift in Sources */ = {isa = PBXBuildFile; fileRef = CF221E492AB582D5006098DA /* Constants.swift */; };
/* End PBXBuildFile section */

/* Begin PBXFileReference section */
		CF221E212AB56FEF006098DA /* MusicPlayer.app */ = {isa = PBXFileReference; explicitFileType = wrapper.application; includeInIndex = 0; path = MusicPlayer.app; sourceTree = BUILT_PRODUCTS_DIR; };
		CF221E242AB56FEF006098DA /* AppDelegate.swift */ = {isa = PBXFileReference; lastKnownFileType = sourcecode.swift; path = AppDelegate.swift; sourceTree = "<group>"; };
		CF221E262AB56FEF006098DA /* SceneDelegate.swift */ = {isa = PBXFileReference; lastKnownFileType = sourcecode.swift; path = SceneDelegate.swift; sourceTree = "<group>"; };
		CF221E282AB56FEF006098DA /* PlayerViewController.swift */ = {isa = PBXFileReference; lastKnownFileType = sourcecode.swift; path = PlayerViewController.swift; sourceTree = "<group>"; };
		CF221E2B2AB56FEF006098DA /* Base */ = {isa = PBXFileReference; lastKnownFileType = file.storyboard; name = Base; path = Base.lproj/Main.storyboard; sourceTree = "<group>"; };
		CF221E2D2AB56FF0006098DA /* Assets.xcassets */ = {isa = PBXFileReference; lastKnownFileType = folder.assetcatalog; path = Assets.xcassets; sourceTree = "<group>"; };
		CF221E302AB56FF0006098DA /* Base */ = {isa = PBXFileReference; lastKnownFileType = file.storyboard; name = Base; path = Base.lproj/LaunchScreen.storyboard; sourceTree = "<group>"; };
		CF221E322AB56FF0006098DA /* Info.plist */ = {isa = PBXFileReference; lastKnownFileType = text.plist.xml; path = Info.plist; sourceTree = "<group>"; };
		CF221E3F2AB5711A006098DA /* Song.swift */ = {isa = PBXFileReference; lastKnownFileType = sourcecode.swift; path = Song.swift; sourceTree = "<group>"; };
		CF221E422AB57183006098DA /* SongApiService.swift */ = {isa = PBXFileReference; lastKnownFileType = sourcecode.swift; path = SongApiService.swift; sourceTree = "<group>"; };
		CF221E442AB5737C006098DA /* ApiServiceType.swift */ = {isa = PBXFileReference; lastKnownFileType = sourcecode.swift; path = ApiServiceType.swift; sourceTree = "<group>"; };
		CF221E462AB58231006098DA /* MainViewModel.swift */ = {isa = PBXFileReference; lastKnownFileType = sourcecode.swift; path = MainViewModel.swift; sourceTree = "<group>"; };
		CF221E492AB582D5006098DA /* Constants.swift */ = {isa = PBXFileReference; lastKnownFileType = sourcecode.swift; path = Constants.swift; sourceTree = "<group>"; };
/* End PBXFileReference section */

/* Begin PBXFrameworksBuildPhase section */
		CF221E1E2AB56FEF006098DA /* Frameworks */ = {
			isa = PBXFrameworksBuildPhase;
			buildActionMask = 2147483647;
			files = (
				CF221E3A2AB570DE006098DA /* SDWebImage in Frameworks */,
			);
			runOnlyForDeploymentPostprocessing = 0;
		};
/* End PBXFrameworksBuildPhase section */

/* Begin PBXGroup section */
		CF221E182AB56FEF006098DA = {
			isa = PBXGroup;
			children = (
				CF221E232AB56FEF006098DA /* MusicPlayer */,
				CF221E222AB56FEF006098DA /* Products */,
			);
			sourceTree = "<group>";
		};
		CF221E222AB56FEF006098DA /* Products */ = {
			isa = PBXGroup;
			children = (
				CF221E212AB56FEF006098DA /* MusicPlayer.app */,
			);
			name = Products;
			sourceTree = "<group>";
		};
		CF221E232AB56FEF006098DA /* MusicPlayer */ = {
			isa = PBXGroup;
			children = (
				CF221E482AB582CF006098DA /* Utils */,
				CF221E3E2AB57107006098DA /* App */,
				CF221E412AB5716F006098DA /* Service */,
				CF221E3B2AB570F4006098DA /* Model */,
				CF221E3C2AB570FC006098DA /* View */,
				CF221E3D2AB57101006098DA /* ViewModel */,
				CF221E2A2AB56FEF006098DA /* Main.storyboard */,
				CF221E2D2AB56FF0006098DA /* Assets.xcassets */,
				CF221E2F2AB56FF0006098DA /* LaunchScreen.storyboard */,
				CF221E322AB56FF0006098DA /* Info.plist */,
			);
			path = MusicPlayer;
			sourceTree = "<group>";
		};
		CF221E3B2AB570F4006098DA /* Model */ = {
			isa = PBXGroup;
			children = (
				CF221E3F2AB5711A006098DA /* Song.swift */,
			);
			path = Model;
			sourceTree = "<group>";
		};
		CF221E3C2AB570FC006098DA /* View */ = {
			isa = PBXGroup;
			children = (
				CF221E282AB56FEF006098DA /* PlayerViewController.swift */,
			);
			path = View;
			sourceTree = "<group>";
		};
		CF221E3D2AB57101006098DA /* ViewModel */ = {
			isa = PBXGroup;
			children = (
				CF221E462AB58231006098DA /* MainViewModel.swift */,
			);
			path = ViewModel;
			sourceTree = "<group>";
		};
		CF221E3E2AB57107006098DA /* App */ = {
			isa = PBXGroup;
			children = (
				CF221E242AB56FEF006098DA /* AppDelegate.swift */,
				CF221E262AB56FEF006098DA /* SceneDelegate.swift */,
			);
			path = App;
			sourceTree = "<group>";
		};
		CF221E412AB5716F006098DA /* Service */ = {
			isa = PBXGroup;
			children = (
				CF221E422AB57183006098DA /* SongApiService.swift */,
				CF221E442AB5737C006098DA /* ApiServiceType.swift */,
			);
			path = Service;
			sourceTree = "<group>";
		};
		CF221E482AB582CF006098DA /* Utils */ = {
			isa = PBXGroup;
			children = (
				CF221E492AB582D5006098DA /* Constants.swift */,
			);
			path = Utils;
			sourceTree = "<group>";
		};
/* End PBXGroup section */

/* Begin PBXNativeTarget section */
		CF221E202AB56FEF006098DA /* MusicPlayer */ = {
			isa = PBXNativeTarget;
			buildConfigurationList = CF221E352AB56FF0006098DA /* Build configuration list for PBXNativeTarget "MusicPlayer" */;
			buildPhases = (
				CF221E1D2AB56FEF006098DA /* Sources */,
				CF221E1E2AB56FEF006098DA /* Frameworks */,
				CF221E1F2AB56FEF006098DA /* Resources */,
			);
			buildRules = (
			);
			dependencies = (
			);
			name = MusicPlayer;
			packageProductDependencies = (
				CF221E392AB570DE006098DA /* SDWebImage */,
			);
			productName = MusicPlayer;
			productReference = CF221E212AB56FEF006098DA /* MusicPlayer.app */;
			productType = "com.apple.product-type.application";
		};
/* End PBXNativeTarget section */

/* Begin PBXProject section */
		CF221E192AB56FEF006098DA /* Project object */ = {
			isa = PBXProject;
			attributes = {
				BuildIndependentTargetsInParallel = 1;
				LastSwiftUpdateCheck = 1430;
				LastUpgradeCheck = 1430;
				TargetAttributes = {
					CF221E202AB56FEF006098DA = {
						CreatedOnToolsVersion = 14.3.1;
					};
				};
			};
			buildConfigurationList = CF221E1C2AB56FEF006098DA /* Build configuration list for PBXProject "MusicPlayer" */;
			compatibilityVersion = "Xcode 14.0";
			developmentRegion = en;
			hasScannedForEncodings = 0;
			knownRegions = (
				en,
				Base,
			);
			mainGroup = CF221E182AB56FEF006098DA;
			packageReferences = (
				CF221E382AB570DE006098DA /* XCRemoteSwiftPackageReference "SDWebImage" */,
			);
			productRefGroup = CF221E222AB56FEF006098DA /* Products */;
			projectDirPath = "";
			projectRoot = "";
			targets = (
				CF221E202AB56FEF006098DA /* MusicPlayer */,
			);
		};
/* End PBXProject section */

/* Begin PBXResourcesBuildPhase section */
		CF221E1F2AB56FEF006098DA /* Resources */ = {
			isa = PBXResourcesBuildPhase;
			buildActionMask = 2147483647;
			files = (
				CF221E312AB56FF0006098DA /* LaunchScreen.storyboard in Resources */,
				CF221E2E2AB56FF0006098DA /* Assets.xcassets in Resources */,
				CF221E2C2AB56FEF006098DA /* Main.storyboard in Resources */,
			);
			runOnlyForDeploymentPostprocessing = 0;
		};
/* End PBXResourcesBuildPhase section */

/* Begin PBXSourcesBuildPhase section */
		CF221E1D2AB56FEF006098DA /* Sources */ = {
			isa = PBXSourcesBuildPhase;
			buildActionMask = 2147483647;
			files = (
				CF221E472AB58231006098DA /* MainViewModel.swift in Sources */,
				CF221E452AB5737C006098DA /* ApiServiceType.swift in Sources */,
				CF221E402AB5711A006098DA /* Song.swift in Sources */,
				CF221E292AB56FEF006098DA /* PlayerViewController.swift in Sources */,
				CF221E432AB57183006098DA /* SongApiService.swift in Sources */,
				CF221E252AB56FEF006098DA /* AppDelegate.swift in Sources */,
				CF221E272AB56FEF006098DA /* SceneDelegate.swift in Sources */,
				CF221E4A2AB582D5006098DA /* Constants.swift in Sources */,
			);
			runOnlyForDeploymentPostprocessing = 0;
		};
/* End PBXSourcesBuildPhase section */

/* Begin PBXVariantGroup section */
		CF221E2A2AB56FEF006098DA /* Main.storyboard */ = {
			isa = PBXVariantGroup;
			children = (
				CF221E2B2AB56FEF006098DA /* Base */,
			);
			name = Main.storyboard;
			sourceTree = "<group>";
		};
		CF221E2F2AB56FF0006098DA /* LaunchScreen.storyboard */ = {
			isa = PBXVariantGroup;
			children = (
				CF221E302AB56FF0006098DA /* Base */,
			);
			name = LaunchScreen.storyboard;
			sourceTree = "<group>";
		};
/* End PBXVariantGroup section */

/* Begin XCBuildConfiguration section */
		CF221E332AB56FF0006098DA /* Debug */ = {
			isa = XCBuildConfiguration;
			buildSettings = {
				ALWAYS_SEARCH_USER_PATHS = NO;
				CLANG_ANALYZER_NONNULL = YES;
				CLANG_ANALYZER_NUMBER_OBJECT_CONVERSION = YES_AGGRESSIVE;
				CLANG_CXX_LANGUAGE_STANDARD = "gnu++20";
				CLANG_ENABLE_MODULES = YES;
				CLANG_ENABLE_OBJC_ARC = YES;
				CLANG_ENABLE_OBJC_WEAK = YES;
				CLANG_WARN_BLOCK_CAPTURE_AUTORELEASING = YES;
				CLANG_WARN_BOOL_CONVERSION = YES;
				CLANG_WARN_COMMA = YES;
				CLANG_WARN_CONSTANT_CONVERSION = YES;
				CLANG_WARN_DEPRECATED_OBJC_IMPLEMENTATIONS = YES;
				CLANG_WARN_DIRECT_OBJC_ISA_USAGE = YES_ERROR;
				CLANG_WARN_DOCUMENTATION_COMMENTS = YES;
				CLANG_WARN_EMPTY_BODY = YES;
				CLANG_WARN_ENUM_CONVERSION = YES;
				CLANG_WARN_INFINITE_RECURSION = YES;
				CLANG_WARN_INT_CONVERSION = YES;
				CLANG_WARN_NON_LITERAL_NULL_CONVERSION = YES;
				CLANG_WARN_OBJC_IMPLICIT_RETAIN_SELF = YES;
				CLANG_WARN_OBJC_LITERAL_CONVERSION = YES;
				CLANG_WARN_OBJC_ROOT_CLASS = YES_ERROR;
				CLANG_WARN_QUOTED_INCLUDE_IN_FRAMEWORK_HEADER = YES;
				CLANG_WARN_RANGE_LOOP_ANALYSIS = YES;
				CLANG_WARN_STRICT_PROTOTYPES = YES;
				CLANG_WARN_SUSPICIOUS_MOVE = YES;
				CLANG_WARN_UNGUARDED_AVAILABILITY = YES_AGGRESSIVE;
				CLANG_WARN_UNREACHABLE_CODE = YES;
				CLANG_WARN__DUPLICATE_METHOD_MATCH = YES;
				COPY_PHASE_STRIP = NO;
				DEBUG_INFORMATION_FORMAT = dwarf;
				ENABLE_STRICT_OBJC_MSGSEND = YES;
				ENABLE_TESTABILITY = YES;
				GCC_C_LANGUAGE_STANDARD = gnu11;
				GCC_DYNAMIC_NO_PIC = NO;
				GCC_NO_COMMON_BLOCKS = YES;
				GCC_OPTIMIZATION_LEVEL = 0;
				GCC_PREPROCESSOR_DEFINITIONS = (
					"DEBUG=1",
					"$(inherited)",
				);
				GCC_WARN_64_TO_32_BIT_CONVERSION = YES;
				GCC_WARN_ABOUT_RETURN_TYPE = YES_ERROR;
				GCC_WARN_UNDECLARED_SELECTOR = YES;
				GCC_WARN_UNINITIALIZED_AUTOS = YES_AGGRESSIVE;
				GCC_WARN_UNUSED_FUNCTION = YES;
				GCC_WARN_UNUSED_VARIABLE = YES;
				IPHONEOS_DEPLOYMENT_TARGET = 16.4;
				MTL_ENABLE_DEBUG_INFO = INCLUDE_SOURCE;
				MTL_FAST_MATH = YES;
				ONLY_ACTIVE_ARCH = YES;
				SDKROOT = iphoneos;
				SWIFT_ACTIVE_COMPILATION_CONDITIONS = DEBUG;
				SWIFT_OPTIMIZATION_LEVEL = "-Onone";
			};
			name = Debug;
		};
		CF221E342AB56FF0006098DA /* Release */ = {
			isa = XCBuildConfiguration;
			buildSettings = {
				ALWAYS_SEARCH_USER_PATHS = NO;
				CLANG_ANALYZER_NONNULL = YES;
				CLANG_ANALYZER_NUMBER_OBJECT_CONVERSION = YES_AGGRESSIVE;
				CLANG_CXX_LANGUAGE_STANDARD = "gnu++20";
				CLANG_ENABLE_MODULES = YES;
				CLANG_ENABLE_OBJC_ARC = YES;
				CLANG_ENABLE_OBJC_WEAK = YES;
				CLANG_WARN_BLOCK_CAPTURE_AUTORELEASING = YES;
				CLANG_WARN_BOOL_CONVERSION = YES;
				CLANG_WARN_COMMA = YES;
				CLANG_WARN_CONSTANT_CONVERSION = YES;
				CLANG_WARN_DEPRECATED_OBJC_IMPLEMENTATIONS = YES;
				CLANG_WARN_DIRECT_OBJC_ISA_USAGE = YES_ERROR;
				CLANG_WARN_DOCUMENTATION_COMMENTS = YES;
				CLANG_WARN_EMPTY_BODY = YES;
				CLANG_WARN_ENUM_CONVERSION = YES;
				CLANG_WARN_INFINITE_RECURSION = YES;
				CLANG_WARN_INT_CONVERSION = YES;
				CLANG_WARN_NON_LITERAL_NULL_CONVERSION = YES;
				CLANG_WARN_OBJC_IMPLICIT_RETAIN_SELF = YES;
				CLANG_WARN_OBJC_LITERAL_CONVERSION = YES;
				CLANG_WARN_OBJC_ROOT_CLASS = YES_ERROR;
				CLANG_WARN_QUOTED_INCLUDE_IN_FRAMEWORK_HEADER = YES;
				CLANG_WARN_RANGE_LOOP_ANALYSIS = YES;
				CLANG_WARN_STRICT_PROTOTYPES = YES;
				CLANG_WARN_SUSPICIOUS_MOVE = YES;
				CLANG_WARN_UNGUARDED_AVAILABILITY = YES_AGGRESSIVE;
				CLANG_WARN_UNREACHABLE_CODE = YES;
				CLANG_WARN__DUPLICATE_METHOD_MATCH = YES;
				COPY_PHASE_STRIP = NO;
				DEBUG_INFORMATION_FORMAT = "dwarf-with-dsym";
				ENABLE_NS_ASSERTIONS = NO;
				ENABLE_STRICT_OBJC_MSGSEND = YES;
				GCC_C_LANGUAGE_STANDARD = gnu11;
				GCC_NO_COMMON_BLOCKS = YES;
				GCC_WARN_64_TO_32_BIT_CONVERSION = YES;
				GCC_WARN_ABOUT_RETURN_TYPE = YES_ERROR;
				GCC_WARN_UNDECLARED_SELECTOR = YES;
				GCC_WARN_UNINITIALIZED_AUTOS = YES_AGGRESSIVE;
				GCC_WARN_UNUSED_FUNCTION = YES;
				GCC_WARN_UNUSED_VARIABLE = YES;
				IPHONEOS_DEPLOYMENT_TARGET = 16.4;
				MTL_ENABLE_DEBUG_INFO = NO;
				MTL_FAST_MATH = YES;
				SDKROOT = iphoneos;
				SWIFT_COMPILATION_MODE = wholemodule;
				SWIFT_OPTIMIZATION_LEVEL = "-O";
				VALIDATE_PRODUCT = YES;
			};
			name = Release;
		};
		CF221E362AB56FF0006098DA /* Debug */ = {
			isa = XCBuildConfiguration;
			buildSettings = {
				ASSETCATALOG_COMPILER_APPICON_NAME = AppIcon;
				ASSETCATALOG_COMPILER_GLOBAL_ACCENT_COLOR_NAME = AccentColor;
				CODE_SIGN_STYLE = Automatic;
				CURRENT_PROJECT_VERSION = 1;
				DEVELOPMENT_TEAM = EX6G2VC9J8;
				GENERATE_INFOPLIST_FILE = YES;
				INFOPLIST_FILE = MusicPlayer/Info.plist;
				INFOPLIST_KEY_UIApplicationSupportsIndirectInputEvents = YES;
				INFOPLIST_KEY_UILaunchStoryboardName = LaunchScreen;
				INFOPLIST_KEY_UISupportedInterfaceOrientations_iPad = "UIInterfaceOrientationPortrait UIInterfaceOrientationPortraitUpsideDown UIInterfaceOrientationLandscapeLeft UIInterfaceOrientationLandscapeRight";
				INFOPLIST_KEY_UISupportedInterfaceOrientations_iPhone = "UIInterfaceOrientationPortrait UIInterfaceOrientationLandscapeLeft UIInterfaceOrientationLandscapeRight";
				IPHONEOS_DEPLOYMENT_TARGET = 13.0;
				LD_RUNPATH_SEARCH_PATHS = (
					"$(inherited)",
					"@executable_path/Frameworks",
				);
				MARKETING_VERSION = 1.0;
				PRODUCT_BUNDLE_IDENTIFIER = com.dldmswo1209.MusicPlayer;
				PRODUCT_NAME = "$(TARGET_NAME)";
				SWIFT_EMIT_LOC_STRINGS = YES;
				SWIFT_VERSION = 5.0;
				TARGETED_DEVICE_FAMILY = "1,2";
			};
			name = Debug;
		};
		CF221E372AB56FF0006098DA /* Release */ = {
			isa = XCBuildConfiguration;
			buildSettings = {
				ASSETCATALOG_COMPILER_APPICON_NAME = AppIcon;
				ASSETCATALOG_COMPILER_GLOBAL_ACCENT_COLOR_NAME = AccentColor;
				CODE_SIGN_STYLE = Automatic;
				CURRENT_PROJECT_VERSION = 1;
				DEVELOPMENT_TEAM = EX6G2VC9J8;
				GENERATE_INFOPLIST_FILE = YES;
				INFOPLIST_FILE = MusicPlayer/Info.plist;
				INFOPLIST_KEY_UIApplicationSupportsIndirectInputEvents = YES;
				INFOPLIST_KEY_UILaunchStoryboardName = LaunchScreen;
				INFOPLIST_KEY_UISupportedInterfaceOrientations_iPad = "UIInterfaceOrientationPortrait UIInterfaceOrientationPortraitUpsideDown UIInterfaceOrientationLandscapeLeft UIInterfaceOrientationLandscapeRight";
				INFOPLIST_KEY_UISupportedInterfaceOrientations_iPhone = "UIInterfaceOrientationPortrait UIInterfaceOrientationLandscapeLeft UIInterfaceOrientationLandscapeRight";
				IPHONEOS_DEPLOYMENT_TARGET = 13.0;
				LD_RUNPATH_SEARCH_PATHS = (
					"$(inherited)",
					"@executable_path/Frameworks",
				);
				MARKETING_VERSION = 1.0;
				PRODUCT_BUNDLE_IDENTIFIER = com.dldmswo1209.MusicPlayer;
				PRODUCT_NAME = "$(TARGET_NAME)";
				SWIFT_EMIT_LOC_STRINGS = YES;
				SWIFT_VERSION = 5.0;
				TARGETED_DEVICE_FAMILY = "1,2";
			};
			name = Release;
		};
/* End XCBuildConfiguration section */

/* Begin XCConfigurationList section */
		CF221E1C2AB56FEF006098DA /* Build configuration list for PBXProject "MusicPlayer" */ = {
			isa = XCConfigurationList;
			buildConfigurations = (
				CF221E332AB56FF0006098DA /* Debug */,
				CF221E342AB56FF0006098DA /* Release */,
			);
			defaultConfigurationIsVisible = 0;
			defaultConfigurationName = Release;
		};
		CF221E352AB56FF0006098DA /* Build configuration list for PBXNativeTarget "MusicPlayer" */ = {
			isa = XCConfigurationList;
			buildConfigurations = (
				CF221E362AB56FF0006098DA /* Debug */,
				CF221E372AB56FF0006098DA /* Release */,
			);
			defaultConfigurationIsVisible = 0;
			defaultConfigurationName = Release;
		};
/* End XCConfigurationList section */

/* Begin XCRemoteSwiftPackageReference section */
		CF221E382AB570DE006098DA /* XCRemoteSwiftPackageReference "SDWebImage" */ = {
			isa = XCRemoteSwiftPackageReference;
			repositoryURL = "https://github.com/SDWebImage/SDWebImage.git";
			requirement = {
				kind = upToNextMajorVersion;
				minimumVersion = 5.0.0;
			};
		};
/* End XCRemoteSwiftPackageReference section */

/* Begin XCSwiftPackageProductDependency section */
		CF221E392AB570DE006098DA /* SDWebImage */ = {
			isa = XCSwiftPackageProductDependency;
			package = CF221E382AB570DE006098DA /* XCRemoteSwiftPackageReference "SDWebImage" */;
			productName = SDWebImage;
		};
/* End XCSwiftPackageProductDependency section */
	};
	rootObject = CF221E192AB56FEF006098DA /* Project object */;
}
